// !$*UTF8*$!
{
	archiveVersion = 1;
	classes = {
	};
	objectVersion = 46;
	objects = {

/* Begin PBXBuildFile section */
		F83D76531EF9FE8D008B71D9 /* AppDelegate.swift in Sources */ = {isa = PBXBuildFile; fileRef = F83D76521EF9FE8D008B71D9 /* AppDelegate.swift */; };
		F83D76581EF9FE8D008B71D9 /* Main.storyboard in Resources */ = {isa = PBXBuildFile; fileRef = F83D76561EF9FE8D008B71D9 /* Main.storyboard */; };
		F83D765A1EF9FE8D008B71D9 /* Assets.xcassets in Resources */ = {isa = PBXBuildFile; fileRef = F83D76591EF9FE8D008B71D9 /* Assets.xcassets */; };
		F83D765D1EF9FE8D008B71D9 /* LaunchScreen.storyboard in Resources */ = {isa = PBXBuildFile; fileRef = F83D765B1EF9FE8D008B71D9 /* LaunchScreen.storyboard */; };
		F86674081F263CE400B8BEFA /* Home.storyboard in Resources */ = {isa = PBXBuildFile; fileRef = F86674061F263CE400B8BEFA /* Home.storyboard */; };
		F866740B1F263D3A00B8BEFA /* Live.storyboard in Resources */ = {isa = PBXBuildFile; fileRef = F86674091F263D3A00B8BEFA /* Live.storyboard */; };
		F866740E1F263D6200B8BEFA /* Follow.storyboard in Resources */ = {isa = PBXBuildFile; fileRef = F866740C1F263D6200B8BEFA /* Follow.storyboard */; };
		F86674111F263DC500B8BEFA /* Profile.storyboard in Resources */ = {isa = PBXBuildFile; fileRef = F866740F1F263DC500B8BEFA /* Profile.storyboard */; };
		F86674131F263F8100B8BEFA /* HomeViewController.swift in Sources */ = {isa = PBXBuildFile; fileRef = F86674121F263F8100B8BEFA /* HomeViewController.swift */; };
		F8A780041F0B482A00AE57B2 /* MainViewController.swift in Sources */ = {isa = PBXBuildFile; fileRef = F8A780031F0B482A00AE57B2 /* MainViewController.swift */; };
/* End PBXBuildFile section */

/* Begin PBXFileReference section */
		F83D764F1EF9FE8D008B71D9 /* LiveDemo.app */ = {isa = PBXFileReference; explicitFileType = wrapper.application; includeInIndex = 0; path = LiveDemo.app; sourceTree = BUILT_PRODUCTS_DIR; };
		F83D76521EF9FE8D008B71D9 /* AppDelegate.swift */ = {isa = PBXFileReference; lastKnownFileType = sourcecode.swift; path = AppDelegate.swift; sourceTree = "<group>"; };
		F83D76571EF9FE8D008B71D9 /* Base */ = {isa = PBXFileReference; lastKnownFileType = file.storyboard; name = Base; path = Base.lproj/Main.storyboard; sourceTree = "<group>"; };
		F83D76591EF9FE8D008B71D9 /* Assets.xcassets */ = {isa = PBXFileReference; lastKnownFileType = folder.assetcatalog; path = Assets.xcassets; sourceTree = "<group>"; };
		F83D765C1EF9FE8D008B71D9 /* Base */ = {isa = PBXFileReference; lastKnownFileType = file.storyboard; name = Base; path = Base.lproj/LaunchScreen.storyboard; sourceTree = "<group>"; };
		F83D765E1EF9FE8D008B71D9 /* Info.plist */ = {isa = PBXFileReference; lastKnownFileType = text.plist.xml; path = Info.plist; sourceTree = "<group>"; };
		F86674071F263CE400B8BEFA /* Base */ = {isa = PBXFileReference; lastKnownFileType = file.storyboard; name = Base; path = LiveDemo/Base.lproj/Home.storyboard; sourceTree = SOURCE_ROOT; };
		F866740A1F263D3A00B8BEFA /* Base */ = {isa = PBXFileReference; lastKnownFileType = file.storyboard; name = Base; path = LiveDemo/Base.lproj/Live.storyboard; sourceTree = SOURCE_ROOT; };
		F866740D1F263D6200B8BEFA /* Base */ = {isa = PBXFileReference; lastKnownFileType = file.storyboard; name = Base; path = LiveDemo/Base.lproj/Follow.storyboard; sourceTree = SOURCE_ROOT; };
		F86674101F263DC500B8BEFA /* Base */ = {isa = PBXFileReference; lastKnownFileType = file.storyboard; name = Base; path = LiveDemo/Base.lproj/Profile.storyboard; sourceTree = SOURCE_ROOT; };
		F86674121F263F8100B8BEFA /* HomeViewController.swift */ = {isa = PBXFileReference; fileEncoding = 4; lastKnownFileType = sourcecode.swift; path = HomeViewController.swift; sourceTree = "<group>"; };
		F8A780031F0B482A00AE57B2 /* MainViewController.swift */ = {isa = PBXFileReference; fileEncoding = 4; lastKnownFileType = sourcecode.swift; path = MainViewController.swift; sourceTree = "<group>"; };
/* End PBXFileReference section */

/* Begin PBXFrameworksBuildPhase section */
		F83D764C1EF9FE8D008B71D9 /* Frameworks */ = {
			isa = PBXFrameworksBuildPhase;
			buildActionMask = 2147483647;
			files = (
			);
			runOnlyForDeploymentPostprocessing = 0;
		};
/* End PBXFrameworksBuildPhase section */

/* Begin PBXGroup section */
		F8201BEE1EFA5F02007BD6F8 /* Classes */ = {
			isa = PBXGroup;
			children = (
				F8201BF21EFA5F02007BD6F8 /* Main(主要) */,
				F8201BF01EFA5F02007BD6F8 /* Home(首页) */,
				F8201BEF1EFA5F02007BD6F8 /* Follow(关注) */,
				F8201BF11EFA5F02007BD6F8 /* Live(直播) */,
				F8201BF31EFA5F02007BD6F8 /* Profile(我的) */,
				F8201BF41EFA5F02007BD6F8 /* Tools(工具) */,
			);
			path = Classes;
			sourceTree = "<group>";
		};
		F8201BEF1EFA5F02007BD6F8 /* Follow(关注) */ = {
			isa = PBXGroup;
			children = (
				F866740C1F263D6200B8BEFA /* Follow.storyboard */,
			);
			name = "Follow(关注)";
			path = Follow;
			sourceTree = "<group>";
		};
		F8201BF01EFA5F02007BD6F8 /* Home(首页) */ = {
			isa = PBXGroup;
			children = (
				F8CBF4781EFB9A960027586A /* Model */,
				F8CBF4791EFB9A960027586A /* View */,
				F8CBF47B1EFB9ACB0027586A /* Controller */,
				F8CBF47A1EFB9A960027586A /* ViewModel */,
			);
			name = "Home(首页)";
			path = Home;
			sourceTree = "<group>";
		};
		F8201BF11EFA5F02007BD6F8 /* Live(直播) */ = {
			isa = PBXGroup;
			children = (
				F86674091F263D3A00B8BEFA /* Live.storyboard */,
			);
			name = "Live(直播)";
			path = Live;
			sourceTree = "<group>";
		};
		F8201BF21EFA5F02007BD6F8 /* Main(主要) */ = {
			isa = PBXGroup;
			children = (
				F8A780001F0B47DF00AE57B2 /* Model */,
				F8A780011F0B47DF00AE57B2 /* View */,
				F8A77FFF1F0B47DF00AE57B2 /* Controller */,
				F8A780021F0B47DF00AE57B2 /* ViewModel */,
			);
			name = "Main(主要)";
			path = Main;
			sourceTree = "<group>";
		};
		F8201BF31EFA5F02007BD6F8 /* Profile(我的) */ = {
			isa = PBXGroup;
			children = (
				F866740F1F263DC500B8BEFA /* Profile.storyboard */,
			);
			name = "Profile(我的)";
			path = Profile;
			sourceTree = "<group>";
		};
		F8201BF41EFA5F02007BD6F8 /* Tools(工具) */ = {
			isa = PBXGroup;
			children = (
				F8A77FFE1F0B363700AE57B2 /* Extension */,
			);
			name = "Tools(工具)";
			path = Tools;
			sourceTree = "<group>";
		};
		F8201BF51EFA5F02007BD6F8 /* Resources */ = {
			isa = PBXGroup;
			children = (
			);
			path = Resources;
			sourceTree = "<group>";
		};
		F83D76461EF9FE8D008B71D9 = {
			isa = PBXGroup;
			children = (
				F83D76511EF9FE8D008B71D9 /* LiveDemo */,
				F83D76501EF9FE8D008B71D9 /* Products */,
			);
			sourceTree = "<group>";
		};
		F83D76501EF9FE8D008B71D9 /* Products */ = {
			isa = PBXGroup;
			children = (
				F83D764F1EF9FE8D008B71D9 /* LiveDemo.app */,
			);
			name = Products;
			sourceTree = "<group>";
		};
		F83D76511EF9FE8D008B71D9 /* LiveDemo */ = {
			isa = PBXGroup;
			children = (
				F8201BEE1EFA5F02007BD6F8 /* Classes */,
				F8201BF51EFA5F02007BD6F8 /* Resources */,
				F83D76521EF9FE8D008B71D9 /* AppDelegate.swift */,
				F83D76591EF9FE8D008B71D9 /* Assets.xcassets */,
				F83D765B1EF9FE8D008B71D9 /* LaunchScreen.storyboard */,
				F83D765E1EF9FE8D008B71D9 /* Info.plist */,
			);
			path = LiveDemo;
			sourceTree = "<group>";
		};
		F8A77FFE1F0B363700AE57B2 /* Extension */ = {
			isa = PBXGroup;
			children = (
			);
			path = Extension;
			sourceTree = "<group>";
		};
		F8A77FFF1F0B47DF00AE57B2 /* Controller */ = {
			isa = PBXGroup;
			children = (
				F83D76561EF9FE8D008B71D9 /* Main.storyboard */,
				F8A780031F0B482A00AE57B2 /* MainViewController.swift */,
			);
			path = Controller;
			sourceTree = "<group>";
		};
		F8A780001F0B47DF00AE57B2 /* Model */ = {
			isa = PBXGroup;
			children = (
			);
			path = Model;
			sourceTree = "<group>";
		};
		F8A780011F0B47DF00AE57B2 /* View */ = {
			isa = PBXGroup;
			children = (
			);
			path = View;
			sourceTree = "<group>";
		};
		F8A780021F0B47DF00AE57B2 /* ViewModel */ = {
			isa = PBXGroup;
			children = (
			);
			path = ViewModel;
			sourceTree = "<group>";
		};
		F8CBF4781EFB9A960027586A /* Model */ = {
			isa = PBXGroup;
			children = (
			);
			path = Model;
			sourceTree = "<group>";
		};
		F8CBF4791EFB9A960027586A /* View */ = {
			isa = PBXGroup;
			children = (
			);
			path = View;
			sourceTree = "<group>";
		};
		F8CBF47A1EFB9A960027586A /* ViewModel */ = {
			isa = PBXGroup;
			children = (
			);
			path = ViewModel;
			sourceTree = "<group>";
		};
		F8CBF47B1EFB9ACB0027586A /* Controller */ = {
			isa = PBXGroup;
			children = (
				F86674061F263CE400B8BEFA /* Home.storyboard */,
				F86674121F263F8100B8BEFA /* HomeViewController.swift */,
			);
			path = Controller;
			sourceTree = "<group>";
		};
/* End PBXGroup section */

/* Begin PBXNativeTarget section */
		F83D764E1EF9FE8D008B71D9 /* LiveDemo */ = {
			isa = PBXNativeTarget;
			buildConfigurationList = F83D76611EF9FE8D008B71D9 /* Build configuration list for PBXNativeTarget "LiveDemo" */;
			buildPhases = (
				F83D764B1EF9FE8D008B71D9 /* Sources */,
				F83D764C1EF9FE8D008B71D9 /* Frameworks */,
				F83D764D1EF9FE8D008B71D9 /* Resources */,
			);
			buildRules = (
			);
			dependencies = (
			);
			name = LiveDemo;
			productName = LiveDemo;
			productReference = F83D764F1EF9FE8D008B71D9 /* LiveDemo.app */;
			productType = "com.apple.product-type.application";
		};
/* End PBXNativeTarget section */

/* Begin PBXProject section */
		F83D76471EF9FE8D008B71D9 /* Project object */ = {
			isa = PBXProject;
			attributes = {
				LastSwiftUpdateCheck = 0830;
				LastUpgradeCheck = 0830;
				ORGANIZATIONNAME = Mr.Yang;
				TargetAttributes = {
					F83D764E1EF9FE8D008B71D9 = {
						CreatedOnToolsVersion = 8.3.3;
						DevelopmentTeam = 8H2B3Y5JNC;
						ProvisioningStyle = Automatic;
					};
				};
			};
			buildConfigurationList = F83D764A1EF9FE8D008B71D9 /* Build configuration list for PBXProject "LiveDemo" */;
			compatibilityVersion = "Xcode 3.2";
			developmentRegion = English;
			hasScannedForEncodings = 0;
			knownRegions = (
				en,
				Base,
			);
			mainGroup = F83D76461EF9FE8D008B71D9;
			productRefGroup = F83D76501EF9FE8D008B71D9 /* Products */;
			projectDirPath = "";
			projectRoot = "";
			targets = (
				F83D764E1EF9FE8D008B71D9 /* LiveDemo */,
			);
		};
/* End PBXProject section */

/* Begin PBXResourcesBuildPhase section */
		F83D764D1EF9FE8D008B71D9 /* Resources */ = {
			isa = PBXResourcesBuildPhase;
			buildActionMask = 2147483647;
			files = (
				F83D765D1EF9FE8D008B71D9 /* LaunchScreen.storyboard in Resources */,
				F83D765A1EF9FE8D008B71D9 /* Assets.xcassets in Resources */,
				F83D76581EF9FE8D008B71D9 /* Main.storyboard in Resources */,
				F866740B1F263D3A00B8BEFA /* Live.storyboard in Resources */,
				F86674081F263CE400B8BEFA /* Home.storyboard in Resources */,
				F86674111F263DC500B8BEFA /* Profile.storyboard in Resources */,
				F866740E1F263D6200B8BEFA /* Follow.storyboard in Resources */,
			);
			runOnlyForDeploymentPostprocessing = 0;
		};
/* End PBXResourcesBuildPhase section */

/* Begin PBXSourcesBuildPhase section */
		F83D764B1EF9FE8D008B71D9 /* Sources */ = {
			isa = PBXSourcesBuildPhase;
			buildActionMask = 2147483647;
			files = (
				F83D76531EF9FE8D008B71D9 /* AppDelegate.swift in Sources */,
				F8A780041F0B482A00AE57B2 /* MainViewController.swift in Sources */,
				F86674131F263F8100B8BEFA /* HomeViewController.swift in Sources */,
			);
			runOnlyForDeploymentPostprocessing = 0;
		};
/* End PBXSourcesBuildPhase section */

/* Begin PBXVariantGroup section */
		F83D76561EF9FE8D008B71D9 /* Main.storyboard */ = {
			isa = PBXVariantGroup;
			children = (
				F83D76571EF9FE8D008B71D9 /* Base */,
			);
			name = Main.storyboard;
			path = ../../..;
			sourceTree = "<group>";
		};
		F83D765B1EF9FE8D008B71D9 /* LaunchScreen.storyboard */ = {
			isa = PBXVariantGroup;
			children = (
				F83D765C1EF9FE8D008B71D9 /* Base */,
			);
			name = LaunchScreen.storyboard;
			sourceTree = "<group>";
		};
		F86674061F263CE400B8BEFA /* Home.storyboard */ = {
			isa = PBXVariantGroup;
			children = (
				F86674071F263CE400B8BEFA /* Base */,
			);
			name = Home.storyboard;
			path = ../../Main;
			sourceTree = "<group>";
		};
		F86674091F263D3A00B8BEFA /* Live.storyboard */ = {
			isa = PBXVariantGroup;
			children = (
				F866740A1F263D3A00B8BEFA /* Base */,
			);
			name = Live.storyboard;
			path = ../Main;
			sourceTree = "<group>";
		};
		F866740C1F263D6200B8BEFA /* Follow.storyboard */ = {
			isa = PBXVariantGroup;
			children = (
				F866740D1F263D6200B8BEFA /* Base */,
			);
			name = Follow.storyboard;
			path = ../Main;
			sourceTree = "<group>";
		};
		F866740F1F263DC500B8BEFA /* Profile.storyboard */ = {
			isa = PBXVariantGroup;
			children = (
				F86674101F263DC500B8BEFA /* Base */,
			);
			name = Profile.storyboard;
			path = ../Main;
			sourceTree = "<group>";
		};
/* End PBXVariantGroup section */

/* Begin XCBuildConfiguration section */
		F83D765F1EF9FE8D008B71D9 /* Debug */ = {
			isa = XCBuildConfiguration;
			buildSettings = {
				ALWAYS_SEARCH_USER_PATHS = NO;
				CLANG_ANALYZER_NONNULL = YES;
				CLANG_ANALYZER_NUMBER_OBJECT_CONVERSION = YES_AGGRESSIVE;
				CLANG_CXX_LANGUAGE_STANDARD = "gnu++0x";
				CLANG_CXX_LIBRARY = "libc++";
				CLANG_ENABLE_MODULES = YES;
				CLANG_ENABLE_OBJC_ARC = YES;
				CLANG_WARN_BOOL_CONVERSION = YES;
				CLANG_WARN_CONSTANT_CONVERSION = YES;
				CLANG_WARN_DIRECT_OBJC_ISA_USAGE = YES_ERROR;
				CLANG_WARN_DOCUMENTATION_COMMENTS = YES;
				CLANG_WARN_EMPTY_BODY = YES;
				CLANG_WARN_ENUM_CONVERSION = YES;
				CLANG_WARN_INFINITE_RECURSION = YES;
				CLANG_WARN_INT_CONVERSION = YES;
				CLANG_WARN_OBJC_ROOT_CLASS = YES_ERROR;
				CLANG_WARN_SUSPICIOUS_MOVE = YES;
				CLANG_WARN_UNREACHABLE_CODE = YES;
				CLANG_WARN__DUPLICATE_METHOD_MATCH = YES;
				"CODE_SIGN_IDENTITY[sdk=iphoneos*]" = "iPhone Developer";
				COPY_PHASE_STRIP = NO;
				DEBUG_INFORMATION_FORMAT = dwarf;
				ENABLE_STRICT_OBJC_MSGSEND = YES;
				ENABLE_TESTABILITY = YES;
				GCC_C_LANGUAGE_STANDARD = gnu99;
				GCC_DYNAMIC_NO_PIC = NO;
				GCC_NO_COMMON_BLOCKS = YES;
				GCC_OPTIMIZATION_LEVEL = 0;
				GCC_PREPROCESSOR_DEFINITIONS = (
					"DEBUG=1",
					"$(inherited)",
				);
				GCC_WARN_64_TO_32_BIT_CONVERSION = YES;
				GCC_WARN_ABOUT_RETURN_TYPE = YES_ERROR;
				GCC_WARN_UNDECLARED_SELECTOR = YES;
				GCC_WARN_UNINITIALIZED_AUTOS = YES_AGGRESSIVE;
				GCC_WARN_UNUSED_FUNCTION = YES;
				GCC_WARN_UNUSED_VARIABLE = YES;
				IPHONEOS_DEPLOYMENT_TARGET = 10.3;
				MTL_ENABLE_DEBUG_INFO = YES;
				ONLY_ACTIVE_ARCH = YES;
				SDKROOT = iphoneos;
				SWIFT_ACTIVE_COMPILATION_CONDITIONS = DEBUG;
				SWIFT_OPTIMIZATION_LEVEL = "-Onone";
			};
			name = Debug;
		};
		F83D76601EF9FE8D008B71D9 /* Release */ = {
			isa = XCBuildConfiguration;
			buildSettings = {
				ALWAYS_SEARCH_USER_PATHS = NO;
				CLANG_ANALYZER_NONNULL = YES;
				CLANG_ANALYZER_NUMBER_OBJECT_CONVERSION = YES_AGGRESSIVE;
				CLANG_CXX_LANGUAGE_STANDARD = "gnu++0x";
				CLANG_CXX_LIBRARY = "libc++";
				CLANG_ENABLE_MODULES = YES;
				CLANG_ENABLE_OBJC_ARC = YES;
				CLANG_WARN_BOOL_CONVERSION = YES;
				CLANG_WARN_CONSTANT_CONVERSION = YES;
				CLANG_WARN_DIRECT_OBJC_ISA_USAGE = YES_ERROR;
				CLANG_WARN_DOCUMENTATION_COMMENTS = YES;
				CLANG_WARN_EMPTY_BODY = YES;
				CLANG_WARN_ENUM_CONVERSION = YES;
				CLANG_WARN_INFINITE_RECURSION = YES;
				CLANG_WARN_INT_CONVERSION = YES;
				CLANG_WARN_OBJC_ROOT_CLASS = YES_ERROR;
				CLANG_WARN_SUSPICIOUS_MOVE = YES;
				CLANG_WARN_UNREACHABLE_CODE = YES;
				CLANG_WARN__DUPLICATE_METHOD_MATCH = YES;
				"CODE_SIGN_IDENTITY[sdk=iphoneos*]" = "iPhone Developer";
				COPY_PHASE_STRIP = NO;
				DEBUG_INFORMATION_FORMAT = "dwarf-with-dsym";
				ENABLE_NS_ASSERTIONS = NO;
				ENABLE_STRICT_OBJC_MSGSEND = YES;
				GCC_C_LANGUAGE_STANDARD = gnu99;
				GCC_NO_COMMON_BLOCKS = YES;
				GCC_WARN_64_TO_32_BIT_CONVERSION = YES;
				GCC_WARN_ABOUT_RETURN_TYPE = YES_ERROR;
				GCC_WARN_UNDECLARED_SELECTOR = YES;
				GCC_WARN_UNINITIALIZED_AUTOS = YES_AGGRESSIVE;
				GCC_WARN_UNUSED_FUNCTION = YES;
				GCC_WARN_UNUSED_VARIABLE = YES;
				IPHONEOS_DEPLOYMENT_TARGET = 10.3;
				MTL_ENABLE_DEBUG_INFO = NO;
				SDKROOT = iphoneos;
				SWIFT_OPTIMIZATION_LEVEL = "-Owholemodule";
				VALIDATE_PRODUCT = YES;
			};
			name = Release;
		};
		F83D76621EF9FE8D008B71D9 /* Debug */ = {
			isa = XCBuildConfiguration;
			buildSettings = {
				ASSETCATALOG_COMPILER_APPICON_NAME = AppIcon;
				ASSETCATALOG_COMPILER_LAUNCHIMAGE_NAME = "Brand Assest";
				DEVELOPMENT_TEAM = 8H2B3Y5JNC;
				INFOPLIST_FILE = LiveDemo/Info.plist;
				IPHONEOS_DEPLOYMENT_TARGET = 9.0;
				LD_RUNPATH_SEARCH_PATHS = "$(inherited) @executable_path/Frameworks";
				PRODUCT_BUNDLE_IDENTIFIER = com.yang.LiveDemo;
				PRODUCT_NAME = "$(TARGET_NAME)";
				SWIFT_VERSION = 3.0;
			};
			name = Debug;
		};
		F83D76631EF9FE8D008B71D9 /* Release */ = {
			isa = XCBuildConfiguration;
			buildSettings = {
				ASSETCATALOG_COMPILER_APPICON_NAME = AppIcon;
				ASSETCATALOG_COMPILER_LAUNCHIMAGE_NAME = "Brand Assest";
				DEVELOPMENT_TEAM = 8H2B3Y5JNC;
				INFOPLIST_FILE = LiveDemo/Info.plist;
				IPHONEOS_DEPLOYMENT_TARGET = 9.0;
				LD_RUNPATH_SEARCH_PATHS = "$(inherited) @executable_path/Frameworks";
				PRODUCT_BUNDLE_IDENTIFIER = com.yang.LiveDemo;
				PRODUCT_NAME = "$(TARGET_NAME)";
				SWIFT_VERSION = 3.0;
			};
			name = Release;
		};
/* End XCBuildConfiguration section */

/* Begin XCConfigurationList section */
		F83D764A1EF9FE8D008B71D9 /* Build configuration list for PBXProject "LiveDemo" */ = {
			isa = XCConfigurationList;
			buildConfigurations = (
				F83D765F1EF9FE8D008B71D9 /* Debug */,
				F83D76601EF9FE8D008B71D9 /* Release */,
			);
			defaultConfigurationIsVisible = 0;
			defaultConfigurationName = Release;
		};
		F83D76611EF9FE8D008B71D9 /* Build configuration list for PBXNativeTarget "LiveDemo" */ = {
			isa = XCConfigurationList;
			buildConfigurations = (
				F83D76621EF9FE8D008B71D9 /* Debug */,
				F83D76631EF9FE8D008B71D9 /* Release */,
			);
			defaultConfigurationIsVisible = 0;
			defaultConfigurationName = Release;
		};
/* End XCConfigurationList section */
	};
	rootObject = F83D76471EF9FE8D008B71D9 /* Project object */;
}
